
Microsoft Visual Studio Solution File, Format Version 12.00
# Visual Studio Version 17
VisualStudioVersion = 17.3.32901.215
MinimumVisualStudioVersion = 10.0.40219.1
Project("{FAE04EC0-301F-11D3-BF4B-00C04F79EFBC}") = "Pzy.RateLimiter", "Pzy.RateLimiter\Pzy.RateLimiter.csproj", "{CEA6C968-CE75-480B-8CAD-455C5AA2D692}"
EndProject
Project("{FAE04EC0-301F-11D3-BF4B-00C04F79EFBC}") = "Pzy.RateLimiter.Tests", "Pzy.RateLimiter.Tests\Pzy.RateLimiter.Tests.csproj", "{FF871970-F1E6-48B5-AC6E-FDA41243492E}"
EndProject
Global
	GlobalSection(SolutionConfigurationPlatforms) = preSolution
		Debug|Any CPU = Debug|Any CPU
		Release|Any CPU = Release|Any CPU
	EndGlobalSection
	GlobalSection(ProjectConfigurationPlatforms) = postSolution
		{CEA6C968-CE75-480B-8CAD-455C5AA2D692}.Debug|Any CPU.ActiveCfg = Debug|Any CPU
		{CEA6C968-CE75-480B-8CAD-455C5AA2D692}.Debug|Any CPU.Build.0 = Debug|Any CPU
		{CEA6C968-CE75-480B-8CAD-455C5AA2D692}.Release|Any CPU.ActiveCfg = Release|Any CPU
		{CEA6C968-CE75-480B-8CAD-455C5AA2D692}.Release|Any CPU.Build.0 = Release|Any CPU
		{FF871970-F1E6-48B5-AC6E-FDA41243492E}.Debug|Any CPU.ActiveCfg = Debug|Any CPU
		{FF871970-F1E6-48B5-AC6E-FDA41243492E}.Debug|Any CPU.Build.0 = Debug|Any CPU
		{FF871970-F1E6-48B5-AC6E-FDA41243492E}.Release|Any CPU.ActiveCfg = Release|Any CPU
		{FF871970-F1E6-48B5-AC6E-FDA41243492E}.Release|Any CPU.Build.0 = Release|Any CPU
	EndGlobalSection
	GlobalSection(SolutionProperties) = preSolution
		HideSolutionNode = FALSE
	EndGlobalSection
	GlobalSection(ExtensibilityGlobals) = postSolution
		SolutionGuid = {02F0230B-22DA-423C-90DF-88AC3C4D875F}
	EndGlobalSection
EndGlobal
